// !$*UTF8*$!
{
	archiveVersion = 1;
	classes = {
	};
	objectVersion = 46;
	objects = {

/* Begin PBXBuildFile section */
		0301925D1DC131EF00B6EF25 /* DataSource.swift in Sources */ = {isa = PBXBuildFile; fileRef = 0301925C1DC131EF00B6EF25 /* DataSource.swift */; };
		0308AF081DC88D3800A05F63 /* ImageObject.swift in Sources */ = {isa = PBXBuildFile; fileRef = 0308AF071DC88D3800A05F63 /* ImageObject.swift */; };
		0308AF0A1DC8A4E000A05F63 /* ExtensionUIImage.swift in Sources */ = {isa = PBXBuildFile; fileRef = 0308AF091DC8A4E000A05F63 /* ExtensionUIImage.swift */; };
		03396C961DCA6D2F00386A88 /* Debug.swift in Sources */ = {isa = PBXBuildFile; fileRef = 03396C951DCA6D2F00386A88 /* Debug.swift */; };
		4D6544898A89C63570AADA65 /* Pods_Bridges.framework in Frameworks */ = {isa = PBXBuildFile; fileRef = 57C2A3F2AC8ACA8FDD716C63 /* Pods_Bridges.framework */; };
		761069D71DB8D7BB009CBCB4 /* WelcomeViewController.swift in Sources */ = {isa = PBXBuildFile; fileRef = 761069D61DB8D7BB009CBCB4 /* WelcomeViewController.swift */; };
		761069D91DB8D861009CBCB4 /* MapViewController.swift in Sources */ = {isa = PBXBuildFile; fileRef = 761069D81DB8D861009CBCB4 /* MapViewController.swift */; };
		761069DB1DB8D8C5009CBCB4 /* ListViewController.swift in Sources */ = {isa = PBXBuildFile; fileRef = 761069DA1DB8D8C5009CBCB4 /* ListViewController.swift */; };
		761069DD1DB8D909009CBCB4 /* DetailViewController.swift in Sources */ = {isa = PBXBuildFile; fileRef = 761069DC1DB8D909009CBCB4 /* DetailViewController.swift */; };
		761069DF1DB8D94D009CBCB4 /* AddViewController.swift in Sources */ = {isa = PBXBuildFile; fileRef = 761069DE1DB8D94D009CBCB4 /* AddViewController.swift */; };
		764499111DC9DFCE0064A058 /* KeyboardLayoutConstraint.swift in Sources */ = {isa = PBXBuildFile; fileRef = 764499101DC9DFCE0064A058 /* KeyboardLayoutConstraint.swift */; };
		766C7E971DBFF486002F45D4 /* CoreLocation.framework in Frameworks */ = {isa = PBXBuildFile; fileRef = 766C7E961DBFF486002F45D4 /* CoreLocation.framework */; };
		767957721DCB84AA004166B0 /* GoogleService-Info.plist in Resources */ = {isa = PBXBuildFile; fileRef = 767957711DCB84AA004166B0 /* GoogleService-Info.plist */; };
		76BD39861DBE46AA0046AAEE /* BridgeObject.swift in Sources */ = {isa = PBXBuildFile; fileRef = 76BD39851DBE46AA0046AAEE /* BridgeObject.swift */; };
		76BD39881DBE487F0046AAEE /* BridgeObjectCellTableViewCell.swift in Sources */ = {isa = PBXBuildFile; fileRef = 76BD39871DBE487F0046AAEE /* BridgeObjectCellTableViewCell.swift */; };
		76D6A8D71DB79C060000D319 /* AppDelegate.swift in Sources */ = {isa = PBXBuildFile; fileRef = 76D6A8D61DB79C060000D319 /* AppDelegate.swift */; };
		76D6A8DC1DB79C060000D319 /* Main.storyboard in Resources */ = {isa = PBXBuildFile; fileRef = 76D6A8DA1DB79C060000D319 /* Main.storyboard */; };
		76D6A8DE1DB79C060000D319 /* Assets.xcassets in Resources */ = {isa = PBXBuildFile; fileRef = 76D6A8DD1DB79C060000D319 /* Assets.xcassets */; };
		76D6A8E11DB79C060000D319 /* LaunchScreen.storyboard in Resources */ = {isa = PBXBuildFile; fileRef = 76D6A8DF1DB79C060000D319 /* LaunchScreen.storyboard */; };
		76D6A8EC1DB7ADB50000D319 /* MapKit.framework in Frameworks */ = {isa = PBXBuildFile; fileRef = 76D6A8EB1DB7ADB50000D319 /* MapKit.framework */; };
/* End PBXBuildFile section */

/* Begin PBXFileReference section */
		0301925C1DC131EF00B6EF25 /* DataSource.swift */ = {isa = PBXFileReference; fileEncoding = 4; lastKnownFileType = sourcecode.swift; path = DataSource.swift; sourceTree = "<group>"; };
		0308AF071DC88D3800A05F63 /* ImageObject.swift */ = {isa = PBXFileReference; fileEncoding = 4; lastKnownFileType = sourcecode.swift; path = ImageObject.swift; sourceTree = "<group>"; };
		0308AF091DC8A4E000A05F63 /* ExtensionUIImage.swift */ = {isa = PBXFileReference; fileEncoding = 4; lastKnownFileType = sourcecode.swift; path = ExtensionUIImage.swift; sourceTree = "<group>"; };
		03396C951DCA6D2F00386A88 /* Debug.swift */ = {isa = PBXFileReference; fileEncoding = 4; lastKnownFileType = sourcecode.swift; path = Debug.swift; sourceTree = "<group>"; };
		4C788D4FCDB2BA5EDAC3BEF7 /* Pods-Bridges.release.xcconfig */ = {isa = PBXFileReference; includeInIndex = 1; lastKnownFileType = text.xcconfig; name = "Pods-Bridges.release.xcconfig"; path = "Pods/Target Support Files/Pods-Bridges/Pods-Bridges.release.xcconfig"; sourceTree = "<group>"; };
		57C2A3F2AC8ACA8FDD716C63 /* Pods_Bridges.framework */ = {isa = PBXFileReference; explicitFileType = wrapper.framework; includeInIndex = 0; path = Pods_Bridges.framework; sourceTree = BUILT_PRODUCTS_DIR; };
		761069D61DB8D7BB009CBCB4 /* WelcomeViewController.swift */ = {isa = PBXFileReference; fileEncoding = 4; lastKnownFileType = sourcecode.swift; path = WelcomeViewController.swift; sourceTree = "<group>"; };
		761069D81DB8D861009CBCB4 /* MapViewController.swift */ = {isa = PBXFileReference; fileEncoding = 4; lastKnownFileType = sourcecode.swift; path = MapViewController.swift; sourceTree = "<group>"; };
		761069DA1DB8D8C5009CBCB4 /* ListViewController.swift */ = {isa = PBXFileReference; fileEncoding = 4; lastKnownFileType = sourcecode.swift; path = ListViewController.swift; sourceTree = "<group>"; };
		761069DC1DB8D909009CBCB4 /* DetailViewController.swift */ = {isa = PBXFileReference; fileEncoding = 4; lastKnownFileType = sourcecode.swift; path = DetailViewController.swift; sourceTree = "<group>"; };
		761069DE1DB8D94D009CBCB4 /* AddViewController.swift */ = {isa = PBXFileReference; fileEncoding = 4; lastKnownFileType = sourcecode.swift; path = AddViewController.swift; sourceTree = "<group>"; };
		764499101DC9DFCE0064A058 /* KeyboardLayoutConstraint.swift */ = {isa = PBXFileReference; fileEncoding = 4; lastKnownFileType = sourcecode.swift; path = KeyboardLayoutConstraint.swift; sourceTree = "<group>"; };
		766C7E961DBFF486002F45D4 /* CoreLocation.framework */ = {isa = PBXFileReference; lastKnownFileType = wrapper.framework; name = CoreLocation.framework; path = System/Library/Frameworks/CoreLocation.framework; sourceTree = SDKROOT; };
		767957711DCB84AA004166B0 /* GoogleService-Info.plist */ = {isa = PBXFileReference; fileEncoding = 4; lastKnownFileType = text.plist.xml; path = "GoogleService-Info.plist"; sourceTree = "<group>"; };
		76BD39851DBE46AA0046AAEE /* BridgeObject.swift */ = {isa = PBXFileReference; fileEncoding = 4; lastKnownFileType = sourcecode.swift; path = BridgeObject.swift; sourceTree = "<group>"; };
		76BD39871DBE487F0046AAEE /* BridgeObjectCellTableViewCell.swift */ = {isa = PBXFileReference; fileEncoding = 4; lastKnownFileType = sourcecode.swift; path = BridgeObjectCellTableViewCell.swift; sourceTree = "<group>"; };
		76D6A8D31DB79C060000D319 /* Bridges.app */ = {isa = PBXFileReference; explicitFileType = wrapper.application; includeInIndex = 0; path = Bridges.app; sourceTree = BUILT_PRODUCTS_DIR; };
		76D6A8D61DB79C060000D319 /* AppDelegate.swift */ = {isa = PBXFileReference; lastKnownFileType = sourcecode.swift; path = AppDelegate.swift; sourceTree = "<group>"; };
		76D6A8DB1DB79C060000D319 /* Base */ = {isa = PBXFileReference; lastKnownFileType = file.storyboard; name = Base; path = Base.lproj/Main.storyboard; sourceTree = "<group>"; };
		76D6A8DD1DB79C060000D319 /* Assets.xcassets */ = {isa = PBXFileReference; lastKnownFileType = folder.assetcatalog; path = Assets.xcassets; sourceTree = "<group>"; };
		76D6A8E01DB79C060000D319 /* Base */ = {isa = PBXFileReference; lastKnownFileType = file.storyboard; name = Base; path = Base.lproj/LaunchScreen.storyboard; sourceTree = "<group>"; };
		76D6A8E21DB79C060000D319 /* Info.plist */ = {isa = PBXFileReference; lastKnownFileType = text.plist.xml; path = Info.plist; sourceTree = "<group>"; };
		76D6A8EB1DB7ADB50000D319 /* MapKit.framework */ = {isa = PBXFileReference; lastKnownFileType = wrapper.framework; name = MapKit.framework; path = System/Library/Frameworks/MapKit.framework; sourceTree = SDKROOT; };
		8D80AF7B7F2686B2E88020E8 /* Pods-Bridges.debug.xcconfig */ = {isa = PBXFileReference; includeInIndex = 1; lastKnownFileType = text.xcconfig; name = "Pods-Bridges.debug.xcconfig"; path = "Pods/Target Support Files/Pods-Bridges/Pods-Bridges.debug.xcconfig"; sourceTree = "<group>"; };
/* End PBXFileReference section */

/* Begin PBXFrameworksBuildPhase section */
		76D6A8D01DB79C060000D319 /* Frameworks */ = {
			isa = PBXFrameworksBuildPhase;
			buildActionMask = 2147483647;
			files = (
				766C7E971DBFF486002F45D4 /* CoreLocation.framework in Frameworks */,
				76D6A8EC1DB7ADB50000D319 /* MapKit.framework in Frameworks */,
				4D6544898A89C63570AADA65 /* Pods_Bridges.framework in Frameworks */,
			);
			runOnlyForDeploymentPostprocessing = 0;
		};
/* End PBXFrameworksBuildPhase section */

/* Begin PBXGroup section */
		0304DB241DC0D00500E50222 /* Models */ = {
			isa = PBXGroup;
			children = (
				0308AF091DC8A4E000A05F63 /* ExtensionUIImage.swift */,
				0301925C1DC131EF00B6EF25 /* DataSource.swift */,
				03396C951DCA6D2F00386A88 /* Debug.swift */,
				76BD39851DBE46AA0046AAEE /* BridgeObject.swift */,
				0308AF071DC88D3800A05F63 /* ImageObject.swift */,
			);
			name = Models;
			sourceTree = "<group>";
		};
		4AD991A7E80109F04262D419 /* Pods */ = {
			isa = PBXGroup;
			children = (
				8D80AF7B7F2686B2E88020E8 /* Pods-Bridges.debug.xcconfig */,
				4C788D4FCDB2BA5EDAC3BEF7 /* Pods-Bridges.release.xcconfig */,
			);
			name = Pods;
			sourceTree = "<group>";
		};
		76BD397E1DBE3B970046AAEE /* Controllers */ = {
			isa = PBXGroup;
			children = (
				76BD39871DBE487F0046AAEE /* BridgeObjectCellTableViewCell.swift */,
				761069DE1DB8D94D009CBCB4 /* AddViewController.swift */,
				761069DC1DB8D909009CBCB4 /* DetailViewController.swift */,
				761069DA1DB8D8C5009CBCB4 /* ListViewController.swift */,
				764499101DC9DFCE0064A058 /* KeyboardLayoutConstraint.swift */,
				761069D81DB8D861009CBCB4 /* MapViewController.swift */,
				761069D61DB8D7BB009CBCB4 /* WelcomeViewController.swift */,
			);
			name = Controllers;
			sourceTree = "<group>";
		};
		76BD397F1DBE3BC00046AAEE /* Storyboards */ = {
			isa = PBXGroup;
			children = (
				76D6A8DA1DB79C060000D319 /* Main.storyboard */,
				76D6A8DF1DB79C060000D319 /* LaunchScreen.storyboard */,
			);
			name = Storyboards;
			sourceTree = "<group>";
		};
		76BD39801DBE3BDF0046AAEE /* plist */ = {
			isa = PBXGroup;
			children = (
				76D6A8E21DB79C060000D319 /* Info.plist */,
				767957711DCB84AA004166B0 /* GoogleService-Info.plist */,
			);
			name = plist;
			sourceTree = "<group>";
		};
		76D6A8CA1DB79C060000D319 = {
			isa = PBXGroup;
			children = (
				76D6A8D51DB79C060000D319 /* Bridges */,
				76D6A8D41DB79C060000D319 /* Products */,
				76D6A8EA1DB7ADB50000D319 /* Frameworks */,
				4AD991A7E80109F04262D419 /* Pods */,
			);
			sourceTree = "<group>";
		};
		76D6A8D41DB79C060000D319 /* Products */ = {
			isa = PBXGroup;
			children = (
				76D6A8D31DB79C060000D319 /* Bridges.app */,
			);
			name = Products;
			sourceTree = "<group>";
		};
		76D6A8D51DB79C060000D319 /* Bridges */ = {
			isa = PBXGroup;
			children = (
				76BD39801DBE3BDF0046AAEE /* plist */,
				76BD397F1DBE3BC00046AAEE /* Storyboards */,
				76BD397E1DBE3B970046AAEE /* Controllers */,
				0304DB241DC0D00500E50222 /* Models */,
				76D6A8D61DB79C060000D319 /* AppDelegate.swift */,
				76D6A8DD1DB79C060000D319 /* Assets.xcassets */,
			);
			path = Bridges;
			sourceTree = "<group>";
		};
		76D6A8EA1DB7ADB50000D319 /* Frameworks */ = {
			isa = PBXGroup;
			children = (
				766C7E961DBFF486002F45D4 /* CoreLocation.framework */,
				76D6A8EB1DB7ADB50000D319 /* MapKit.framework */,
				57C2A3F2AC8ACA8FDD716C63 /* Pods_Bridges.framework */,
			);
			name = Frameworks;
			sourceTree = "<group>";
		};
/* End PBXGroup section */

/* Begin PBXNativeTarget section */
		76D6A8D21DB79C060000D319 /* Bridges */ = {
			isa = PBXNativeTarget;
			buildConfigurationList = 76D6A8E51DB79C060000D319 /* Build configuration list for PBXNativeTarget "Bridges" */;
			buildPhases = (
				EAAE7FD60B32E2BDCC37B5DA /* [CP] Check Pods Manifest.lock */,
				76D6A8CF1DB79C060000D319 /* Sources */,
				76D6A8D01DB79C060000D319 /* Frameworks */,
				76D6A8D11DB79C060000D319 /* Resources */,
				189822396E2BAE354D16BB54 /* [CP] Embed Pods Frameworks */,
				2773A48B2A2E9618D78422D0 /* [CP] Copy Pods Resources */,
			);
			buildRules = (
			);
			dependencies = (
			);
			name = Bridges;
			productName = Bridges;
			productReference = 76D6A8D31DB79C060000D319 /* Bridges.app */;
			productType = "com.apple.product-type.application";
		};
/* End PBXNativeTarget section */

/* Begin PBXProject section */
		76D6A8CB1DB79C060000D319 /* Project object */ = {
			isa = PBXProject;
			attributes = {
				LastSwiftUpdateCheck = 0800;
				LastUpgradeCheck = 0800;
				ORGANIZATIONNAME = TL;
				TargetAttributes = {
					76D6A8D21DB79C060000D319 = {
						CreatedOnToolsVersion = 8.0;
						DevelopmentTeam = HZWL927386;
						ProvisioningStyle = Automatic;
					};
				};
			};
			buildConfigurationList = 76D6A8CE1DB79C060000D319 /* Build configuration list for PBXProject "Bridges" */;
			compatibilityVersion = "Xcode 3.2";
			developmentRegion = English;
			hasScannedForEncodings = 0;
			knownRegions = (
				en,
				Base,
			);
			mainGroup = 76D6A8CA1DB79C060000D319;
			productRefGroup = 76D6A8D41DB79C060000D319 /* Products */;
			projectDirPath = "";
			projectRoot = "";
			targets = (
				76D6A8D21DB79C060000D319 /* Bridges */,
			);
		};
/* End PBXProject section */

/* Begin PBXResourcesBuildPhase section */
		76D6A8D11DB79C060000D319 /* Resources */ = {
			isa = PBXResourcesBuildPhase;
			buildActionMask = 2147483647;
			files = (
				76D6A8E11DB79C060000D319 /* LaunchScreen.storyboard in Resources */,
				767957721DCB84AA004166B0 /* GoogleService-Info.plist in Resources */,
				76D6A8DE1DB79C060000D319 /* Assets.xcassets in Resources */,
				76D6A8DC1DB79C060000D319 /* Main.storyboard in Resources */,
			);
			runOnlyForDeploymentPostprocessing = 0;
		};
/* End PBXResourcesBuildPhase section */

/* Begin PBXShellScriptBuildPhase section */
		189822396E2BAE354D16BB54 /* [CP] Embed Pods Frameworks */ = {
			isa = PBXShellScriptBuildPhase;
			buildActionMask = 2147483647;
			files = (
			);
			inputPaths = (
			);
			name = "[CP] Embed Pods Frameworks";
			outputPaths = (
			);
			runOnlyForDeploymentPostprocessing = 0;
			shellPath = /bin/sh;
			shellScript = "\"${SRCROOT}/Pods/Target Support Files/Pods-Bridges/Pods-Bridges-frameworks.sh\"\n";
			showEnvVarsInLog = 0;
		};
		2773A48B2A2E9618D78422D0 /* [CP] Copy Pods Resources */ = {
			isa = PBXShellScriptBuildPhase;
			buildActionMask = 2147483647;
			files = (
			);
			inputPaths = (
			);
			name = "[CP] Copy Pods Resources";
			outputPaths = (
			);
			runOnlyForDeploymentPostprocessing = 0;
			shellPath = /bin/sh;
			shellScript = "\"${SRCROOT}/Pods/Target Support Files/Pods-Bridges/Pods-Bridges-resources.sh\"\n";
			showEnvVarsInLog = 0;
		};
		EAAE7FD60B32E2BDCC37B5DA /* [CP] Check Pods Manifest.lock */ = {
			isa = PBXShellScriptBuildPhase;
			buildActionMask = 2147483647;
			files = (
			);
			inputPaths = (
			);
			name = "[CP] Check Pods Manifest.lock";
			outputPaths = (
			);
			runOnlyForDeploymentPostprocessing = 0;
			shellPath = /bin/sh;
			shellScript = "diff \"${PODS_ROOT}/../Podfile.lock\" \"${PODS_ROOT}/Manifest.lock\" > /dev/null\nif [ $? != 0 ] ; then\n    # print error to STDERR\n    echo \"error: The sandbox is not in sync with the Podfile.lock. Run 'pod install' or update your CocoaPods installation.\" >&2\n    exit 1\nfi\n";
			showEnvVarsInLog = 0;
		};
/* End PBXShellScriptBuildPhase section */

/* Begin PBXSourcesBuildPhase section */
		76D6A8CF1DB79C060000D319 /* Sources */ = {
			isa = PBXSourcesBuildPhase;
			buildActionMask = 2147483647;
			files = (
				764499111DC9DFCE0064A058 /* KeyboardLayoutConstraint.swift in Sources */,
				0308AF081DC88D3800A05F63 /* ImageObject.swift in Sources */,
				0308AF0A1DC8A4E000A05F63 /* ExtensionUIImage.swift in Sources */,
				76D6A8D71DB79C060000D319 /* AppDelegate.swift in Sources */,
				761069D91DB8D861009CBCB4 /* MapViewController.swift in Sources */,
				0301925D1DC131EF00B6EF25 /* DataSource.swift in Sources */,
				03396C961DCA6D2F00386A88 /* Debug.swift in Sources */,
				761069DF1DB8D94D009CBCB4 /* AddViewController.swift in Sources */,
				76BD39861DBE46AA0046AAEE /* BridgeObject.swift in Sources */,
				761069DD1DB8D909009CBCB4 /* DetailViewController.swift in Sources */,
				76BD39881DBE487F0046AAEE /* BridgeObjectCellTableViewCell.swift in Sources */,
				761069D71DB8D7BB009CBCB4 /* WelcomeViewController.swift in Sources */,
				761069DB1DB8D8C5009CBCB4 /* ListViewController.swift in Sources */,
			);
			runOnlyForDeploymentPostprocessing = 0;
		};
/* End PBXSourcesBuildPhase section */

/* Begin PBXVariantGroup section */
		76D6A8DA1DB79C060000D319 /* Main.storyboard */ = {
			isa = PBXVariantGroup;
			children = (
				76D6A8DB1DB79C060000D319 /* Base */,
			);
			name = Main.storyboard;
			sourceTree = "<group>";
		};
		76D6A8DF1DB79C060000D319 /* LaunchScreen.storyboard */ = {
			isa = PBXVariantGroup;
			children = (
				76D6A8E01DB79C060000D319 /* Base */,
			);
			name = LaunchScreen.storyboard;
			sourceTree = "<group>";
		};
/* End PBXVariantGroup section */

/* Begin XCBuildConfiguration section */
		76D6A8E31DB79C060000D319 /* Debug */ = {
			isa = XCBuildConfiguration;
			buildSettings = {
				ALWAYS_SEARCH_USER_PATHS = NO;
				CLANG_ANALYZER_NONNULL = YES;
				CLANG_CXX_LANGUAGE_STANDARD = "gnu++0x";
				CLANG_CXX_LIBRARY = "libc++";
				CLANG_ENABLE_MODULES = YES;
				CLANG_ENABLE_OBJC_ARC = YES;
				CLANG_WARN_BOOL_CONVERSION = YES;
				CLANG_WARN_CONSTANT_CONVERSION = YES;
				CLANG_WARN_DIRECT_OBJC_ISA_USAGE = YES_ERROR;
				CLANG_WARN_DOCUMENTATION_COMMENTS = YES;
				CLANG_WARN_EMPTY_BODY = YES;
				CLANG_WARN_ENUM_CONVERSION = YES;
				CLANG_WARN_INFINITE_RECURSION = YES;
				CLANG_WARN_INT_CONVERSION = YES;
				CLANG_WARN_OBJC_ROOT_CLASS = YES_ERROR;
				CLANG_WARN_SUSPICIOUS_MOVE = YES;
				CLANG_WARN_SUSPICIOUS_MOVES = YES;
				CLANG_WARN_UNREACHABLE_CODE = YES;
				CLANG_WARN__DUPLICATE_METHOD_MATCH = YES;
				"CODE_SIGN_IDENTITY[sdk=iphoneos*]" = "iPhone Developer";
				COPY_PHASE_STRIP = NO;
				DEBUG_INFORMATION_FORMAT = dwarf;
				ENABLE_STRICT_OBJC_MSGSEND = YES;
				ENABLE_TESTABILITY = YES;
				GCC_C_LANGUAGE_STANDARD = gnu99;
				GCC_DYNAMIC_NO_PIC = NO;
				GCC_NO_COMMON_BLOCKS = YES;
				GCC_OPTIMIZATION_LEVEL = 0;
				GCC_PREPROCESSOR_DEFINITIONS = (
					"DEBUG=1",
					"$(inherited)",
				);
				GCC_WARN_64_TO_32_BIT_CONVERSION = YES;
				GCC_WARN_ABOUT_RETURN_TYPE = YES_ERROR;
				GCC_WARN_UNDECLARED_SELECTOR = YES;
				GCC_WARN_UNINITIALIZED_AUTOS = YES_AGGRESSIVE;
				GCC_WARN_UNUSED_FUNCTION = YES;
				GCC_WARN_UNUSED_VARIABLE = YES;
				IPHONEOS_DEPLOYMENT_TARGET = 10.0;
				MTL_ENABLE_DEBUG_INFO = YES;
				ONLY_ACTIVE_ARCH = YES;
				SDKROOT = iphoneos;
				SWIFT_ACTIVE_COMPILATION_CONDITIONS = DEBUG;
				SWIFT_OPTIMIZATION_LEVEL = "-Onone";
			};
			name = Debug;
		};
		76D6A8E41DB79C060000D319 /* Release */ = {
			isa = XCBuildConfiguration;
			buildSettings = {
				ALWAYS_SEARCH_USER_PATHS = NO;
				CLANG_ANALYZER_NONNULL = YES;
				CLANG_CXX_LANGUAGE_STANDARD = "gnu++0x";
				CLANG_CXX_LIBRARY = "libc++";
				CLANG_ENABLE_MODULES = YES;
				CLANG_ENABLE_OBJC_ARC = YES;
				CLANG_WARN_BOOL_CONVERSION = YES;
				CLANG_WARN_CONSTANT_CONVERSION = YES;
				CLANG_WARN_DIRECT_OBJC_ISA_USAGE = YES_ERROR;
				CLANG_WARN_DOCUMENTATION_COMMENTS = YES;
				CLANG_WARN_EMPTY_BODY = YES;
				CLANG_WARN_ENUM_CONVERSION = YES;
				CLANG_WARN_INFINITE_RECURSION = YES;
				CLANG_WARN_INT_CONVERSION = YES;
				CLANG_WARN_OBJC_ROOT_CLASS = YES_ERROR;
				CLANG_WARN_SUSPICIOUS_MOVE = YES;
				CLANG_WARN_SUSPICIOUS_MOVES = YES;
				CLANG_WARN_UNREACHABLE_CODE = YES;
				CLANG_WARN__DUPLICATE_METHOD_MATCH = YES;
				"CODE_SIGN_IDENTITY[sdk=iphoneos*]" = "iPhone Developer";
				COPY_PHASE_STRIP = NO;
				DEBUG_INFORMATION_FORMAT = "dwarf-with-dsym";
				ENABLE_NS_ASSERTIONS = NO;
				ENABLE_STRICT_OBJC_MSGSEND = YES;
				GCC_C_LANGUAGE_STANDARD = gnu99;
				GCC_NO_COMMON_BLOCKS = YES;
				GCC_WARN_64_TO_32_BIT_CONVERSION = YES;
				GCC_WARN_ABOUT_RETURN_TYPE = YES_ERROR;
				GCC_WARN_UNDECLARED_SELECTOR = YES;
				GCC_WARN_UNINITIALIZED_AUTOS = YES_AGGRESSIVE;
				GCC_WARN_UNUSED_FUNCTION = YES;
				GCC_WARN_UNUSED_VARIABLE = YES;
				IPHONEOS_DEPLOYMENT_TARGET = 10.0;
				MTL_ENABLE_DEBUG_INFO = NO;
				SDKROOT = iphoneos;
				SWIFT_OPTIMIZATION_LEVEL = "-Owholemodule";
				VALIDATE_PRODUCT = YES;
			};
			name = Release;
		};
		76D6A8E61DB79C060000D319 /* Debug */ = {
			isa = XCBuildConfiguration;
			baseConfigurationReference = 8D80AF7B7F2686B2E88020E8 /* Pods-Bridges.debug.xcconfig */;
			buildSettings = {
				ASSETCATALOG_COMPILER_APPICON_NAME = AppIcon;
				DEVELOPMENT_TEAM = HZWL927386;
				INFOPLIST_FILE = Bridges/Info.plist;
				LD_RUNPATH_SEARCH_PATHS = "$(inherited) @executable_path/Frameworks";
				PRODUCT_BUNDLE_IDENTIFIER = nl.theappacademy.Bridges;
				PRODUCT_NAME = "$(TARGET_NAME)";
				SWIFT_VERSION = 3.0;
			};
			name = Debug;
		};
		76D6A8E71DB79C060000D319 /* Release */ = {
			isa = XCBuildConfiguration;
			baseConfigurationReference = 4C788D4FCDB2BA5EDAC3BEF7 /* Pods-Bridges.release.xcconfig */;
			buildSettings = {
				ASSETCATALOG_COMPILER_APPICON_NAME = AppIcon;
				DEVELOPMENT_TEAM = HZWL927386;
				INFOPLIST_FILE = Bridges/Info.plist;
				LD_RUNPATH_SEARCH_PATHS = "$(inherited) @executable_path/Frameworks";
				PRODUCT_BUNDLE_IDENTIFIER = nl.theappacademy.Bridges;
				PRODUCT_NAME = "$(TARGET_NAME)";
				SWIFT_VERSION = 3.0;
			};
			name = Release;
		};
/* End XCBuildConfiguration section */

/* Begin XCConfigurationList section */
		76D6A8CE1DB79C060000D319 /* Build configuration list for PBXProject "Bridges" */ = {
			isa = XCConfigurationList;
			buildConfigurations = (
				76D6A8E31DB79C060000D319 /* Debug */,
				76D6A8E41DB79C060000D319 /* Release */,
			);
			defaultConfigurationIsVisible = 0;
			defaultConfigurationName = Release;
		};
		76D6A8E51DB79C060000D319 /* Build configuration list for PBXNativeTarget "Bridges" */ = {
			isa = XCConfigurationList;
			buildConfigurations = (
				76D6A8E61DB79C060000D319 /* Debug */,
				76D6A8E71DB79C060000D319 /* Release */,
			);
			defaultConfigurationIsVisible = 0;
			defaultConfigurationName = Release;
		};
/* End XCConfigurationList section */
	};
	rootObject = 76D6A8CB1DB79C060000D319 /* Project object */;
}
